// !$*UTF8*$!
{
	archiveVersion = 1;
	classes = {
	};
	objectVersion = 56;
	objects = {

/* Begin PBXBuildFile section */
		9E7BDD472C5E2D17004FE061 /* PositionningView.swift in Sources */ = {isa = PBXBuildFile; fileRef = 9E7BDD462C5E2D17004FE061 /* PositionningView.swift */; };
		9E8AF9852C5D726D00676C8B /* AlignmentView.swift in Sources */ = {isa = PBXBuildFile; fileRef = 9E8AF9842C5D726D00676C8B /* AlignmentView.swift */; };
		9EAD6CFD2C5F651200BF3951 /* GeometryReaderView.swift in Sources */ = {isa = PBXBuildFile; fileRef = 9EAD6CFC2C5F651200BF3951 /* GeometryReaderView.swift */; };
		9EAD6CFF2C5F846600BF3951 /* FrameAndCoordinateView.swift in Sources */ = {isa = PBXBuildFile; fileRef = 9EAD6CFE2C5F846600BF3951 /* FrameAndCoordinateView.swift */; };
		9EF45AF42C5C1B2B008FF90B /* LayoutAndGeometryApp.swift in Sources */ = {isa = PBXBuildFile; fileRef = 9EF45AF32C5C1B2B008FF90B /* LayoutAndGeometryApp.swift */; };
		9EF45AF62C5C1B2B008FF90B /* ContentView.swift in Sources */ = {isa = PBXBuildFile; fileRef = 9EF45AF52C5C1B2B008FF90B /* ContentView.swift */; };
		9EF45AF82C5C1B2C008FF90B /* Assets.xcassets in Resources */ = {isa = PBXBuildFile; fileRef = 9EF45AF72C5C1B2C008FF90B /* Assets.xcassets */; };
		9EF45AFB2C5C1B2C008FF90B /* Preview Assets.xcassets in Resources */ = {isa = PBXBuildFile; fileRef = 9EF45AFA2C5C1B2C008FF90B /* Preview Assets.xcassets */; };
		9EF45B052C5C1B2C008FF90B /* LayoutAndGeometryTests.swift in Sources */ = {isa = PBXBuildFile; fileRef = 9EF45B042C5C1B2C008FF90B /* LayoutAndGeometryTests.swift */; };
		9EF45B0F2C5C1B2C008FF90B /* LayoutAndGeometryUITests.swift in Sources */ = {isa = PBXBuildFile; fileRef = 9EF45B0E2C5C1B2C008FF90B /* LayoutAndGeometryUITests.swift */; };
		9EF45B112C5C1B2C008FF90B /* LayoutAndGeometryUITestsLaunchTests.swift in Sources */ = {isa = PBXBuildFile; fileRef = 9EF45B102C5C1B2C008FF90B /* LayoutAndGeometryUITestsLaunchTests.swift */; };
/* End PBXBuildFile section */

/* Begin PBXContainerItemProxy section */
		9EF45B012C5C1B2C008FF90B /* PBXContainerItemProxy */ = {
			isa = PBXContainerItemProxy;
			containerPortal = 9EF45AE82C5C1B2B008FF90B /* Project object */;
			proxyType = 1;
			remoteGlobalIDString = 9EF45AEF2C5C1B2B008FF90B;
			remoteInfo = LayoutAndGeometry;
		};
		9EF45B0B2C5C1B2C008FF90B /* PBXContainerItemProxy */ = {
			isa = PBXContainerItemProxy;
			containerPortal = 9EF45AE82C5C1B2B008FF90B /* Project object */;
			proxyType = 1;
			remoteGlobalIDString = 9EF45AEF2C5C1B2B008FF90B;
			remoteInfo = LayoutAndGeometry;
		};
/* End PBXContainerItemProxy section */

/* Begin PBXFileReference section */
		9E7BDD462C5E2D17004FE061 /* PositionningView.swift */ = {isa = PBXFileReference; lastKnownFileType = sourcecode.swift; path = PositionningView.swift; sourceTree = "<group>"; };
		9E8AF9842C5D726D00676C8B /* AlignmentView.swift */ = {isa = PBXFileReference; lastKnownFileType = sourcecode.swift; path = AlignmentView.swift; sourceTree = "<group>"; };
		9EAD6CFC2C5F651200BF3951 /* GeometryReaderView.swift */ = {isa = PBXFileReference; lastKnownFileType = sourcecode.swift; path = GeometryReaderView.swift; sourceTree = "<group>"; };
		9EAD6CFE2C5F846600BF3951 /* FrameAndCoordinateView.swift */ = {isa = PBXFileReference; lastKnownFileType = sourcecode.swift; path = FrameAndCoordinateView.swift; sourceTree = "<group>"; };
		9EF45AF02C5C1B2B008FF90B /* LayoutAndGeometry.app */ = {isa = PBXFileReference; explicitFileType = wrapper.application; includeInIndex = 0; path = LayoutAndGeometry.app; sourceTree = BUILT_PRODUCTS_DIR; };
		9EF45AF32C5C1B2B008FF90B /* LayoutAndGeometryApp.swift */ = {isa = PBXFileReference; lastKnownFileType = sourcecode.swift; path = LayoutAndGeometryApp.swift; sourceTree = "<group>"; };
		9EF45AF52C5C1B2B008FF90B /* ContentView.swift */ = {isa = PBXFileReference; lastKnownFileType = sourcecode.swift; path = ContentView.swift; sourceTree = "<group>"; };
		9EF45AF72C5C1B2C008FF90B /* Assets.xcassets */ = {isa = PBXFileReference; lastKnownFileType = folder.assetcatalog; path = Assets.xcassets; sourceTree = "<group>"; };
		9EF45AFA2C5C1B2C008FF90B /* Preview Assets.xcassets */ = {isa = PBXFileReference; lastKnownFileType = folder.assetcatalog; path = "Preview Assets.xcassets"; sourceTree = "<group>"; };
		9EF45B002C5C1B2C008FF90B /* LayoutAndGeometryTests.xctest */ = {isa = PBXFileReference; explicitFileType = wrapper.cfbundle; includeInIndex = 0; path = LayoutAndGeometryTests.xctest; sourceTree = BUILT_PRODUCTS_DIR; };
		9EF45B042C5C1B2C008FF90B /* LayoutAndGeometryTests.swift */ = {isa = PBXFileReference; lastKnownFileType = sourcecode.swift; path = LayoutAndGeometryTests.swift; sourceTree = "<group>"; };
		9EF45B0A2C5C1B2C008FF90B /* LayoutAndGeometryUITests.xctest */ = {isa = PBXFileReference; explicitFileType = wrapper.cfbundle; includeInIndex = 0; path = LayoutAndGeometryUITests.xctest; sourceTree = BUILT_PRODUCTS_DIR; };
		9EF45B0E2C5C1B2C008FF90B /* LayoutAndGeometryUITests.swift */ = {isa = PBXFileReference; lastKnownFileType = sourcecode.swift; path = LayoutAndGeometryUITests.swift; sourceTree = "<group>"; };
		9EF45B102C5C1B2C008FF90B /* LayoutAndGeometryUITestsLaunchTests.swift */ = {isa = PBXFileReference; lastKnownFileType = sourcecode.swift; path = LayoutAndGeometryUITestsLaunchTests.swift; sourceTree = "<group>"; };
/* End PBXFileReference section */

/* Begin PBXFrameworksBuildPhase section */
		9EF45AED2C5C1B2B008FF90B /* Frameworks */ = {
			isa = PBXFrameworksBuildPhase;
			buildActionMask = 2147483647;
			files = (
			);
			runOnlyForDeploymentPostprocessing = 0;
		};
		9EF45AFD2C5C1B2C008FF90B /* Frameworks */ = {
			isa = PBXFrameworksBuildPhase;
			buildActionMask = 2147483647;
			files = (
			);
			runOnlyForDeploymentPostprocessing = 0;
		};
		9EF45B072C5C1B2C008FF90B /* Frameworks */ = {
			isa = PBXFrameworksBuildPhase;
			buildActionMask = 2147483647;
			files = (
			);
			runOnlyForDeploymentPostprocessing = 0;
		};
/* End PBXFrameworksBuildPhase section */

/* Begin PBXGroup section */
		9EF45AE72C5C1B2B008FF90B = {
			isa = PBXGroup;
			children = (
				9EF45AF22C5C1B2B008FF90B /* LayoutAndGeometry */,
				9EF45B032C5C1B2C008FF90B /* LayoutAndGeometryTests */,
				9EF45B0D2C5C1B2C008FF90B /* LayoutAndGeometryUITests */,
				9EF45AF12C5C1B2B008FF90B /* Products */,
			);
			sourceTree = "<group>";
		};
		9EF45AF12C5C1B2B008FF90B /* Products */ = {
			isa = PBXGroup;
			children = (
				9EF45AF02C5C1B2B008FF90B /* LayoutAndGeometry.app */,
				9EF45B002C5C1B2C008FF90B /* LayoutAndGeometryTests.xctest */,
				9EF45B0A2C5C1B2C008FF90B /* LayoutAndGeometryUITests.xctest */,
			);
			name = Products;
			sourceTree = "<group>";
		};
		9EF45AF22C5C1B2B008FF90B /* LayoutAndGeometry */ = {
			isa = PBXGroup;
			children = (
				9EF45AF32C5C1B2B008FF90B /* LayoutAndGeometryApp.swift */,
				9EF45AF52C5C1B2B008FF90B /* ContentView.swift */,
				9E8AF9842C5D726D00676C8B /* AlignmentView.swift */,
				9EAD6CFC2C5F651200BF3951 /* GeometryReaderView.swift */,
				9EAD6CFE2C5F846600BF3951 /* FrameAndCoordinateView.swift */,
				9E7BDD462C5E2D17004FE061 /* PositionningView.swift */,
				9EF45AF72C5C1B2C008FF90B /* Assets.xcassets */,
				9EF45AF92C5C1B2C008FF90B /* Preview Content */,
			);
			path = LayoutAndGeometry;
			sourceTree = "<group>";
		};
		9EF45AF92C5C1B2C008FF90B /* Preview Content */ = {
			isa = PBXGroup;
			children = (
				9EF45AFA2C5C1B2C008FF90B /* Preview Assets.xcassets */,
			);
			path = "Preview Content";
			sourceTree = "<group>";
		};
		9EF45B032C5C1B2C008FF90B /* LayoutAndGeometryTests */ = {
			isa = PBXGroup;
			children = (
				9EF45B042C5C1B2C008FF90B /* LayoutAndGeometryTests.swift */,
			);
			path = LayoutAndGeometryTests;
			sourceTree = "<group>";
		};
		9EF45B0D2C5C1B2C008FF90B /* LayoutAndGeometryUITests */ = {
			isa = PBXGroup;
			children = (
				9EF45B0E2C5C1B2C008FF90B /* LayoutAndGeometryUITests.swift */,
				9EF45B102C5C1B2C008FF90B /* LayoutAndGeometryUITestsLaunchTests.swift */,
			);
			path = LayoutAndGeometryUITests;
			sourceTree = "<group>";
		};
/* End PBXGroup section */

/* Begin PBXNativeTarget section */
		9EF45AEF2C5C1B2B008FF90B /* LayoutAndGeometry */ = {
			isa = PBXNativeTarget;
			buildConfigurationList = 9EF45B142C5C1B2C008FF90B /* Build configuration list for PBXNativeTarget "LayoutAndGeometry" */;
			buildPhases = (
				9EF45AEC2C5C1B2B008FF90B /* Sources */,
				9EF45AED2C5C1B2B008FF90B /* Frameworks */,
				9EF45AEE2C5C1B2B008FF90B /* Resources */,
			);
			buildRules = (
			);
			dependencies = (
			);
			name = LayoutAndGeometry;
			productName = LayoutAndGeometry;
			productReference = 9EF45AF02C5C1B2B008FF90B /* LayoutAndGeometry.app */;
			productType = "com.apple.product-type.application";
		};
		9EF45AFF2C5C1B2C008FF90B /* LayoutAndGeometryTests */ = {
			isa = PBXNativeTarget;
			buildConfigurationList = 9EF45B172C5C1B2C008FF90B /* Build configuration list for PBXNativeTarget "LayoutAndGeometryTests" */;
			buildPhases = (
				9EF45AFC2C5C1B2C008FF90B /* Sources */,
				9EF45AFD2C5C1B2C008FF90B /* Frameworks */,
				9EF45AFE2C5C1B2C008FF90B /* Resources */,
			);
			buildRules = (
			);
			dependencies = (
				9EF45B022C5C1B2C008FF90B /* PBXTargetDependency */,
			);
			name = LayoutAndGeometryTests;
			productName = LayoutAndGeometryTests;
			productReference = 9EF45B002C5C1B2C008FF90B /* LayoutAndGeometryTests.xctest */;
			productType = "com.apple.product-type.bundle.unit-test";
		};
		9EF45B092C5C1B2C008FF90B /* LayoutAndGeometryUITests */ = {
			isa = PBXNativeTarget;
			buildConfigurationList = 9EF45B1A2C5C1B2C008FF90B /* Build configuration list for PBXNativeTarget "LayoutAndGeometryUITests" */;
			buildPhases = (
				9EF45B062C5C1B2C008FF90B /* Sources */,
				9EF45B072C5C1B2C008FF90B /* Frameworks */,
				9EF45B082C5C1B2C008FF90B /* Resources */,
			);
			buildRules = (
			);
			dependencies = (
				9EF45B0C2C5C1B2C008FF90B /* PBXTargetDependency */,
			);
			name = LayoutAndGeometryUITests;
			productName = LayoutAndGeometryUITests;
			productReference = 9EF45B0A2C5C1B2C008FF90B /* LayoutAndGeometryUITests.xctest */;
			productType = "com.apple.product-type.bundle.ui-testing";
		};
/* End PBXNativeTarget section */

/* Begin PBXProject section */
		9EF45AE82C5C1B2B008FF90B /* Project object */ = {
			isa = PBXProject;
			attributes = {
				BuildIndependentTargetsInParallel = 1;
				LastSwiftUpdateCheck = 1540;
				LastUpgradeCheck = 1540;
				TargetAttributes = {
					9EF45AEF2C5C1B2B008FF90B = {
						CreatedOnToolsVersion = 15.4;
					};
					9EF45AFF2C5C1B2C008FF90B = {
						CreatedOnToolsVersion = 15.4;
						TestTargetID = 9EF45AEF2C5C1B2B008FF90B;
					};
					9EF45B092C5C1B2C008FF90B = {
						CreatedOnToolsVersion = 15.4;
						TestTargetID = 9EF45AEF2C5C1B2B008FF90B;
					};
				};
			};
			buildConfigurationList = 9EF45AEB2C5C1B2B008FF90B /* Build configuration list for PBXProject "LayoutAndGeometry" */;
			compatibilityVersion = "Xcode 14.0";
			developmentRegion = en;
			hasScannedForEncodings = 0;
			knownRegions = (
				en,
				Base,
			);
			mainGroup = 9EF45AE72C5C1B2B008FF90B;
			productRefGroup = 9EF45AF12C5C1B2B008FF90B /* Products */;
			projectDirPath = "";
			projectRoot = "";
			targets = (
				9EF45AEF2C5C1B2B008FF90B /* LayoutAndGeometry */,
				9EF45AFF2C5C1B2C008FF90B /* LayoutAndGeometryTests */,
				9EF45B092C5C1B2C008FF90B /* LayoutAndGeometryUITests */,
			);
		};
/* End PBXProject section */

/* Begin PBXResourcesBuildPhase section */
		9EF45AEE2C5C1B2B008FF90B /* Resources */ = {
			isa = PBXResourcesBuildPhase;
			buildActionMask = 2147483647;
			files = (
				9EF45AFB2C5C1B2C008FF90B /* Preview Assets.xcassets in Resources */,
				9EF45AF82C5C1B2C008FF90B /* Assets.xcassets in Resources */,
			);
			runOnlyForDeploymentPostprocessing = 0;
		};
		9EF45AFE2C5C1B2C008FF90B /* Resources */ = {
			isa = PBXResourcesBuildPhase;
			buildActionMask = 2147483647;
			files = (
			);
			runOnlyForDeploymentPostprocessing = 0;
		};
		9EF45B082C5C1B2C008FF90B /* Resources */ = {
			isa = PBXResourcesBuildPhase;
			buildActionMask = 2147483647;
			files = (
			);
			runOnlyForDeploymentPostprocessing = 0;
		};
/* End PBXResourcesBuildPhase section */

/* Begin PBXSourcesBuildPhase section */
		9EF45AEC2C5C1B2B008FF90B /* Sources */ = {
			isa = PBXSourcesBuildPhase;
			buildActionMask = 2147483647;
			files = (
				9EF45AF62C5C1B2B008FF90B /* ContentView.swift in Sources */,
				9E7BDD472C5E2D17004FE061 /* PositionningView.swift in Sources */,
				9EAD6CFF2C5F846600BF3951 /* FrameAndCoordinateView.swift in Sources */,
				9E8AF9852C5D726D00676C8B /* AlignmentView.swift in Sources */,
				9EAD6CFD2C5F651200BF3951 /* GeometryReaderView.swift in Sources */,
				9EF45AF42C5C1B2B008FF90B /* LayoutAndGeometryApp.swift in Sources */,
			);
			runOnlyForDeploymentPostprocessing = 0;
		};
		9EF45AFC2C5C1B2C008FF90B /* Sources */ = {
			isa = PBXSourcesBuildPhase;
			buildActionMask = 2147483647;
			files = (
				9EF45B052C5C1B2C008FF90B /* LayoutAndGeometryTests.swift in Sources */,
			);
			runOnlyForDeploymentPostprocessing = 0;
		};
		9EF45B062C5C1B2C008FF90B /* Sources */ = {
			isa = PBXSourcesBuildPhase;
			buildActionMask = 2147483647;
			files = (
				9EF45B112C5C1B2C008FF90B /* LayoutAndGeometryUITestsLaunchTests.swift in Sources */,
				9EF45B0F2C5C1B2C008FF90B /* LayoutAndGeometryUITests.swift in Sources */,
			);
			runOnlyForDeploymentPostprocessing = 0;
		};
/* End PBXSourcesBuildPhase section */

/* Begin PBXTargetDependency section */
		9EF45B022C5C1B2C008FF90B /* PBXTargetDependency */ = {
			isa = PBXTargetDependency;
			target = 9EF45AEF2C5C1B2B008FF90B /* LayoutAndGeometry */;
			targetProxy = 9EF45B012C5C1B2C008FF90B /* PBXContainerItemProxy */;
		};
		9EF45B0C2C5C1B2C008FF90B /* PBXTargetDependency */ = {
			isa = PBXTargetDependency;
			target = 9EF45AEF2C5C1B2B008FF90B /* LayoutAndGeometry */;
			targetProxy = 9EF45B0B2C5C1B2C008FF90B /* PBXContainerItemProxy */;
		};
/* End PBXTargetDependency section */

/* Begin XCBuildConfiguration section */
		9EF45B122C5C1B2C008FF90B /* Debug */ = {
			isa = XCBuildConfiguration;
			buildSettings = {
				ALWAYS_SEARCH_USER_PATHS = NO;
				ASSETCATALOG_COMPILER_GENERATE_SWIFT_ASSET_SYMBOL_EXTENSIONS = YES;
				CLANG_ANALYZER_NONNULL = YES;
				CLANG_ANALYZER_NUMBER_OBJECT_CONVERSION = YES_AGGRESSIVE;
				CLANG_CXX_LANGUAGE_STANDARD = "gnu++20";
				CLANG_ENABLE_MODULES = YES;
				CLANG_ENABLE_OBJC_ARC = YES;
				CLANG_ENABLE_OBJC_WEAK = YES;
				CLANG_WARN_BLOCK_CAPTURE_AUTORELEASING = YES;
				CLANG_WARN_BOOL_CONVERSION = YES;
				CLANG_WARN_COMMA = YES;
				CLANG_WARN_CONSTANT_CONVERSION = YES;
				CLANG_WARN_DEPRECATED_OBJC_IMPLEMENTATIONS = YES;
				CLANG_WARN_DIRECT_OBJC_ISA_USAGE = YES_ERROR;
				CLANG_WARN_DOCUMENTATION_COMMENTS = YES;
				CLANG_WARN_EMPTY_BODY = YES;
				CLANG_WARN_ENUM_CONVERSION = YES;
				CLANG_WARN_INFINITE_RECURSION = YES;
				CLANG_WARN_INT_CONVERSION = YES;
				CLANG_WARN_NON_LITERAL_NULL_CONVERSION = YES;
				CLANG_WARN_OBJC_IMPLICIT_RETAIN_SELF = YES;
				CLANG_WARN_OBJC_LITERAL_CONVERSION = YES;
				CLANG_WARN_OBJC_ROOT_CLASS = YES_ERROR;
				CLANG_WARN_QUOTED_INCLUDE_IN_FRAMEWORK_HEADER = YES;
				CLANG_WARN_RANGE_LOOP_ANALYSIS = YES;
				CLANG_WARN_STRICT_PROTOTYPES = YES;
				CLANG_WARN_SUSPICIOUS_MOVE = YES;
				CLANG_WARN_UNGUARDED_AVAILABILITY = YES_AGGRESSIVE;
				CLANG_WARN_UNREACHABLE_CODE = YES;
				CLANG_WARN__DUPLICATE_METHOD_MATCH = YES;
				COPY_PHASE_STRIP = NO;
				DEBUG_INFORMATION_FORMAT = dwarf;
				ENABLE_STRICT_OBJC_MSGSEND = YES;
				ENABLE_TESTABILITY = YES;
				ENABLE_USER_SCRIPT_SANDBOXING = YES;
				GCC_C_LANGUAGE_STANDARD = gnu17;
				GCC_DYNAMIC_NO_PIC = NO;
				GCC_NO_COMMON_BLOCKS = YES;
				GCC_OPTIMIZATION_LEVEL = 0;
				GCC_PREPROCESSOR_DEFINITIONS = (
					"DEBUG=1",
					"$(inherited)",
				);
				GCC_WARN_64_TO_32_BIT_CONVERSION = YES;
				GCC_WARN_ABOUT_RETURN_TYPE = YES_ERROR;
				GCC_WARN_UNDECLARED_SELECTOR = YES;
				GCC_WARN_UNINITIALIZED_AUTOS = YES_AGGRESSIVE;
				GCC_WARN_UNUSED_FUNCTION = YES;
				GCC_WARN_UNUSED_VARIABLE = YES;
				IPHONEOS_DEPLOYMENT_TARGET = 17.5;
				LOCALIZATION_PREFERS_STRING_CATALOGS = YES;
				MTL_ENABLE_DEBUG_INFO = INCLUDE_SOURCE;
				MTL_FAST_MATH = YES;
				ONLY_ACTIVE_ARCH = YES;
				SDKROOT = iphoneos;
				SWIFT_ACTIVE_COMPILATION_CONDITIONS = "DEBUG $(inherited)";
				SWIFT_OPTIMIZATION_LEVEL = "-Onone";
			};
			name = Debug;
		};
		9EF45B132C5C1B2C008FF90B /* Release */ = {
			isa = XCBuildConfiguration;
			buildSettings = {
				ALWAYS_SEARCH_USER_PATHS = NO;
				ASSETCATALOG_COMPILER_GENERATE_SWIFT_ASSET_SYMBOL_EXTENSIONS = YES;
				CLANG_ANALYZER_NONNULL = YES;
				CLANG_ANALYZER_NUMBER_OBJECT_CONVERSION = YES_AGGRESSIVE;
				CLANG_CXX_LANGUAGE_STANDARD = "gnu++20";
				CLANG_ENABLE_MODULES = YES;
				CLANG_ENABLE_OBJC_ARC = YES;
				CLANG_ENABLE_OBJC_WEAK = YES;
				CLANG_WARN_BLOCK_CAPTURE_AUTORELEASING = YES;
				CLANG_WARN_BOOL_CONVERSION = YES;
				CLANG_WARN_COMMA = YES;
				CLANG_WARN_CONSTANT_CONVERSION = YES;
				CLANG_WARN_DEPRECATED_OBJC_IMPLEMENTATIONS = YES;
				CLANG_WARN_DIRECT_OBJC_ISA_USAGE = YES_ERROR;
				CLANG_WARN_DOCUMENTATION_COMMENTS = YES;
				CLANG_WARN_EMPTY_BODY = YES;
				CLANG_WARN_ENUM_CONVERSION = YES;
				CLANG_WARN_INFINITE_RECURSION = YES;
				CLANG_WARN_INT_CONVERSION = YES;
				CLANG_WARN_NON_LITERAL_NULL_CONVERSION = YES;
				CLANG_WARN_OBJC_IMPLICIT_RETAIN_SELF = YES;
				CLANG_WARN_OBJC_LITERAL_CONVERSION = YES;
				CLANG_WARN_OBJC_ROOT_CLASS = YES_ERROR;
				CLANG_WARN_QUOTED_INCLUDE_IN_FRAMEWORK_HEADER = YES;
				CLANG_WARN_RANGE_LOOP_ANALYSIS = YES;
				CLANG_WARN_STRICT_PROTOTYPES = YES;
				CLANG_WARN_SUSPICIOUS_MOVE = YES;
				CLANG_WARN_UNGUARDED_AVAILABILITY = YES_AGGRESSIVE;
				CLANG_WARN_UNREACHABLE_CODE = YES;
				CLANG_WARN__DUPLICATE_METHOD_MATCH = YES;
				COPY_PHASE_STRIP = NO;
				DEBUG_INFORMATION_FORMAT = "dwarf-with-dsym";
				ENABLE_NS_ASSERTIONS = NO;
				ENABLE_STRICT_OBJC_MSGSEND = YES;
				ENABLE_USER_SCRIPT_SANDBOXING = YES;
				GCC_C_LANGUAGE_STANDARD = gnu17;
				GCC_NO_COMMON_BLOCKS = YES;
				GCC_WARN_64_TO_32_BIT_CONVERSION = YES;
				GCC_WARN_ABOUT_RETURN_TYPE = YES_ERROR;
				GCC_WARN_UNDECLARED_SELECTOR = YES;
				GCC_WARN_UNINITIALIZED_AUTOS = YES_AGGRESSIVE;
				GCC_WARN_UNUSED_FUNCTION = YES;
				GCC_WARN_UNUSED_VARIABLE = YES;
				IPHONEOS_DEPLOYMENT_TARGET = 17.5;
				LOCALIZATION_PREFERS_STRING_CATALOGS = YES;
				MTL_ENABLE_DEBUG_INFO = NO;
				MTL_FAST_MATH = YES;
				SDKROOT = iphoneos;
				SWIFT_COMPILATION_MODE = wholemodule;
				VALIDATE_PRODUCT = YES;
			};
			name = Release;
		};
		9EF45B152C5C1B2C008FF90B /* Debug */ = {
			isa = XCBuildConfiguration;
			buildSettings = {
				ASSETCATALOG_COMPILER_APPICON_NAME = AppIcon;
				ASSETCATALOG_COMPILER_GLOBAL_ACCENT_COLOR_NAME = AccentColor;
				CODE_SIGN_STYLE = Automatic;
				CURRENT_PROJECT_VERSION = 1;
				DEVELOPMENT_ASSET_PATHS = "\"LayoutAndGeometry/Preview Content\"";
				DEVELOPMENT_TEAM = 3D4DRXPTLN;
				ENABLE_PREVIEWS = YES;
				GENERATE_INFOPLIST_FILE = YES;
				INFOPLIST_KEY_UIApplicationSceneManifest_Generation = YES;
				INFOPLIST_KEY_UIApplicationSupportsIndirectInputEvents = YES;
				INFOPLIST_KEY_UILaunchScreen_Generation = YES;
				INFOPLIST_KEY_UISupportedInterfaceOrientations_iPad = "UIInterfaceOrientationPortrait UIInterfaceOrientationPortraitUpsideDown UIInterfaceOrientationLandscapeLeft UIInterfaceOrientationLandscapeRight";
				INFOPLIST_KEY_UISupportedInterfaceOrientations_iPhone = "UIInterfaceOrientationPortrait UIInterfaceOrientationLandscapeLeft UIInterfaceOrientationLandscapeRight";
				LD_RUNPATH_SEARCH_PATHS = (
					"$(inherited)",
					"@executable_path/Frameworks",
				);
				MARKETING_VERSION = 1.0;
				PRODUCT_BUNDLE_IDENTIFIER = com.chailloleaudamien.LayoutAndGeometry;
				PRODUCT_NAME = "$(TARGET_NAME)";
				SWIFT_EMIT_LOC_STRINGS = YES;
				SWIFT_VERSION = 5.0;
				TARGETED_DEVICE_FAMILY = "1,2";
			};
			name = Debug;
		};
		9EF45B162C5C1B2C008FF90B /* Release */ = {
			isa = XCBuildConfiguration;
			buildSettings = {
				ASSETCATALOG_COMPILER_APPICON_NAME = AppIcon;
				ASSETCATALOG_COMPILER_GLOBAL_ACCENT_COLOR_NAME = AccentColor;
				CODE_SIGN_STYLE = Automatic;
				CURRENT_PROJECT_VERSION = 1;
				DEVELOPMENT_ASSET_PATHS = "\"LayoutAndGeometry/Preview Content\"";
				DEVELOPMENT_TEAM = 3D4DRXPTLN;
				ENABLE_PREVIEWS = YES;
				GENERATE_INFOPLIST_FILE = YES;
				INFOPLIST_KEY_UIApplicationSceneManifest_Generation = YES;
				INFOPLIST_KEY_UIApplicationSupportsIndirectInputEvents = YES;
				INFOPLIST_KEY_UILaunchScreen_Generation = YES;
				INFOPLIST_KEY_UISupportedInterfaceOrientations_iPad = "UIInterfaceOrientationPortrait UIInterfaceOrientationPortraitUpsideDown UIInterfaceOrientationLandscapeLeft UIInterfaceOrientationLandscapeRight";
				INFOPLIST_KEY_UISupportedInterfaceOrientations_iPhone = "UIInterfaceOrientationPortrait UIInterfaceOrientationLandscapeLeft UIInterfaceOrientationLandscapeRight";
				LD_RUNPATH_SEARCH_PATHS = (
					"$(inherited)",
					"@executable_path/Frameworks",
				);
				MARKETING_VERSION = 1.0;
				PRODUCT_BUNDLE_IDENTIFIER = com.chailloleaudamien.LayoutAndGeometry;
				PRODUCT_NAME = "$(TARGET_NAME)";
				SWIFT_EMIT_LOC_STRINGS = YES;
				SWIFT_VERSION = 5.0;
				TARGETED_DEVICE_FAMILY = "1,2";
			};
			name = Release;
		};
		9EF45B182C5C1B2C008FF90B /* Debug */ = {
			isa = XCBuildConfiguration;
			buildSettings = {
				ALWAYS_EMBED_SWIFT_STANDARD_LIBRARIES = YES;
				BUNDLE_LOADER = "$(TEST_HOST)";
				CODE_SIGN_STYLE = Automatic;
				CURRENT_PROJECT_VERSION = 1;
				DEVELOPMENT_TEAM = 3D4DRXPTLN;
				GENERATE_INFOPLIST_FILE = YES;
				IPHONEOS_DEPLOYMENT_TARGET = 17.5;
				MARKETING_VERSION = 1.0;
				PRODUCT_BUNDLE_IDENTIFIER = com.chailloleaudamien.LayoutAndGeometryTests;
				PRODUCT_NAME = "$(TARGET_NAME)";
				SWIFT_EMIT_LOC_STRINGS = NO;
				SWIFT_VERSION = 5.0;
				TARGETED_DEVICE_FAMILY = "1,2";
				TEST_HOST = "$(BUILT_PRODUCTS_DIR)/LayoutAndGeometry.app/$(BUNDLE_EXECUTABLE_FOLDER_PATH)/LayoutAndGeometry";
			};
			name = Debug;
		};
		9EF45B192C5C1B2C008FF90B /* Release */ = {
			isa = XCBuildConfiguration;
			buildSettings = {
				ALWAYS_EMBED_SWIFT_STANDARD_LIBRARIES = YES;
				BUNDLE_LOADER = "$(TEST_HOST)";
				CODE_SIGN_STYLE = Automatic;
				CURRENT_PROJECT_VERSION = 1;
				DEVELOPMENT_TEAM = 3D4DRXPTLN;
				GENERATE_INFOPLIST_FILE = YES;
				IPHONEOS_DEPLOYMENT_TARGET = 17.5;
				MARKETING_VERSION = 1.0;
				PRODUCT_BUNDLE_IDENTIFIER = com.chailloleaudamien.LayoutAndGeometryTests;
				PRODUCT_NAME = "$(TARGET_NAME)";
				SWIFT_EMIT_LOC_STRINGS = NO;
				SWIFT_VERSION = 5.0;
				TARGETED_DEVICE_FAMILY = "1,2";
				TEST_HOST = "$(BUILT_PRODUCTS_DIR)/LayoutAndGeometry.app/$(BUNDLE_EXECUTABLE_FOLDER_PATH)/LayoutAndGeometry";
			};
			name = Release;
		};
		9EF45B1B2C5C1B2C008FF90B /* Debug */ = {
			isa = XCBuildConfiguration;
			buildSettings = {
				ALWAYS_EMBED_SWIFT_STANDARD_LIBRARIES = YES;
				CODE_SIGN_STYLE = Automatic;
				CURRENT_PROJECT_VERSION = 1;
				DEVELOPMENT_TEAM = 3D4DRXPTLN;
				GENERATE_INFOPLIST_FILE = YES;
				MARKETING_VERSION = 1.0;
				PRODUCT_BUNDLE_IDENTIFIER = com.chailloleaudamien.LayoutAndGeometryUITests;
				PRODUCT_NAME = "$(TARGET_NAME)";
				SWIFT_EMIT_LOC_STRINGS = NO;
				SWIFT_VERSION = 5.0;
				TARGETED_DEVICE_FAMILY = "1,2";
				TEST_TARGET_NAME = LayoutAndGeometry;
			};
			name = Debug;
		};
		9EF45B1C2C5C1B2C008FF90B /* Release */ = {
			isa = XCBuildConfiguration;
			buildSettings = {
				ALWAYS_EMBED_SWIFT_STANDARD_LIBRARIES = YES;
				CODE_SIGN_STYLE = Automatic;
				CURRENT_PROJECT_VERSION = 1;
				DEVELOPMENT_TEAM = 3D4DRXPTLN;
				GENERATE_INFOPLIST_FILE = YES;
				MARKETING_VERSION = 1.0;
				PRODUCT_BUNDLE_IDENTIFIER = com.chailloleaudamien.LayoutAndGeometryUITests;
				PRODUCT_NAME = "$(TARGET_NAME)";
				SWIFT_EMIT_LOC_STRINGS = NO;
				SWIFT_VERSION = 5.0;
				TARGETED_DEVICE_FAMILY = "1,2";
				TEST_TARGET_NAME = LayoutAndGeometry;
			};
			name = Release;
		};
/* End XCBuildConfiguration section */

/* Begin XCConfigurationList section */
		9EF45AEB2C5C1B2B008FF90B /* Build configuration list for PBXProject "LayoutAndGeometry" */ = {
			isa = XCConfigurationList;
			buildConfigurations = (
				9EF45B122C5C1B2C008FF90B /* Debug */,
				9EF45B132C5C1B2C008FF90B /* Release */,
			);
			defaultConfigurationIsVisible = 0;
			defaultConfigurationName = Release;
		};
		9EF45B142C5C1B2C008FF90B /* Build configuration list for PBXNativeTarget "LayoutAndGeometry" */ = {
			isa = XCConfigurationList;
			buildConfigurations = (
				9EF45B152C5C1B2C008FF90B /* Debug */,
				9EF45B162C5C1B2C008FF90B /* Release */,
			);
			defaultConfigurationIsVisible = 0;
			defaultConfigurationName = Release;
		};
		9EF45B172C5C1B2C008FF90B /* Build configuration list for PBXNativeTarget "LayoutAndGeometryTests" */ = {
			isa = XCConfigurationList;
			buildConfigurations = (
				9EF45B182C5C1B2C008FF90B /* Debug */,
				9EF45B192C5C1B2C008FF90B /* Release */,
			);
			defaultConfigurationIsVisible = 0;
			defaultConfigurationName = Release;
		};
		9EF45B1A2C5C1B2C008FF90B /* Build configuration list for PBXNativeTarget "LayoutAndGeometryUITests" */ = {
			isa = XCConfigurationList;
			buildConfigurations = (
				9EF45B1B2C5C1B2C008FF90B /* Debug */,
				9EF45B1C2C5C1B2C008FF90B /* Release */,
			);
			defaultConfigurationIsVisible = 0;
			defaultConfigurationName = Release;
		};
/* End XCConfigurationList section */
	};
	rootObject = 9EF45AE82C5C1B2B008FF90B /* Project object */;
}
